
Microsoft Visual Studio Solution File, Format Version 12.00
# Visual Studio 15
VisualStudioVersion = 15.0.28010.2046
MinimumVisualStudioVersion = 10.0.40219.1
Project("{8BC9CEB8-8B4A-11D0-8D11-00A0C91BC942}") = "综合实验——马踏棋盘", "综合实验——马踏棋盘\综合实验——马踏棋盘.vcxproj", "{AA849D09-53FA-47F4-864B-444F62055D30}"
EndProject
Global
	GlobalSection(SolutionConfigurationPlatforms) = preSolution
		Debug|x64 = Debug|x64
		Debug|x86 = Debug|x86
		Release|x64 = Release|x64
		Release|x86 = Release|x86
	EndGlobalSection
	GlobalSection(ProjectConfigurationPlatforms) = postSolution
		{AA849D09-53FA-47F4-864B-444F62055D30}.Debug|x64.ActiveCfg = Debug|x64
		{AA849D09-53FA-47F4-864B-444F62055D30}.Debug|x64.Build.0 = Debug|x64
		{AA849D09-53FA-47F4-864B-444F62055D30}.Debug|x86.ActiveCfg = Debug|Win32
		{AA849D09-53FA-47F4-864B-444F62055D30}.Debug|x86.Build.0 = Debug|Win32
		{AA849D09-53FA-47F4-864B-444F62055D30}.Release|x64.ActiveCfg = Release|x64
		{AA849D09-53FA-47F4-864B-444F62055D30}.Release|x64.Build.0 = Release|x64
		{AA849D09-53FA-47F4-864B-444F62055D30}.Release|x86.ActiveCfg = Release|Win32
		{AA849D09-53FA-47F4-864B-444F62055D30}.Release|x86.Build.0 = Release|Win32
	EndGlobalSection
	GlobalSection(SolutionProperties) = preSolution
		HideSolutionNode = FALSE
	EndGlobalSection
	GlobalSection(ExtensibilityGlobals) = postSolution
		SolutionGuid = {E9427E0B-9C82-4A8F-8D9E-DF95E45C9FA0}
	EndGlobalSection
EndGlobal
