
Microsoft Visual Studio Solution File, Format Version 12.00
# Visual Studio 15
VisualStudioVersion = 15.0.28010.2046
MinimumVisualStudioVersion = 10.0.40219.1
Project("{8BC9CEB8-8B4A-11D0-8D11-00A0C91BC942}") = "lab2", "lab2\lab2.vcxproj", "{42047FDE-B61F-4A42-B5BB-C8200F5B54F2}"
EndProject
Global
	GlobalSection(SolutionConfigurationPlatforms) = preSolution
		Debug|x64 = Debug|x64
		Debug|x86 = Debug|x86
		Release|x64 = Release|x64
		Release|x86 = Release|x86
	EndGlobalSection
	GlobalSection(ProjectConfigurationPlatforms) = postSolution
		{42047FDE-B61F-4A42-B5BB-C8200F5B54F2}.Debug|x64.ActiveCfg = Debug|x64
		{42047FDE-B61F-4A42-B5BB-C8200F5B54F2}.Debug|x64.Build.0 = Debug|x64
		{42047FDE-B61F-4A42-B5BB-C8200F5B54F2}.Debug|x86.ActiveCfg = Debug|Win32
		{42047FDE-B61F-4A42-B5BB-C8200F5B54F2}.Debug|x86.Build.0 = Debug|Win32
		{42047FDE-B61F-4A42-B5BB-C8200F5B54F2}.Release|x64.ActiveCfg = Release|x64
		{42047FDE-B61F-4A42-B5BB-C8200F5B54F2}.Release|x64.Build.0 = Release|x64
		{42047FDE-B61F-4A42-B5BB-C8200F5B54F2}.Release|x86.ActiveCfg = Release|Win32
		{42047FDE-B61F-4A42-B5BB-C8200F5B54F2}.Release|x86.Build.0 = Release|Win32
	EndGlobalSection
	GlobalSection(SolutionProperties) = preSolution
		HideSolutionNode = FALSE
	EndGlobalSection
	GlobalSection(ExtensibilityGlobals) = postSolution
		SolutionGuid = {53A47EEA-6BC9-41D5-B0F0-D851F415F1AC}
	EndGlobalSection
EndGlobal
