
Microsoft Visual Studio Solution File, Format Version 12.00
# Visual Studio 15
VisualStudioVersion = 15.0.28010.2046
MinimumVisualStudioVersion = 10.0.40219.1
Project("{8BC9CEB8-8B4A-11D0-8D11-00A0C91BC942}") = "exp1.1", "exp1.1\exp1.1.vcxproj", "{16277CDD-313B-4293-A0EF-BA0E5C27ED70}"
EndProject
Global
	GlobalSection(SolutionConfigurationPlatforms) = preSolution
		Debug|x64 = Debug|x64
		Debug|x86 = Debug|x86
		Release|x64 = Release|x64
		Release|x86 = Release|x86
	EndGlobalSection
	GlobalSection(ProjectConfigurationPlatforms) = postSolution
		{16277CDD-313B-4293-A0EF-BA0E5C27ED70}.Debug|x64.ActiveCfg = Debug|x64
		{16277CDD-313B-4293-A0EF-BA0E5C27ED70}.Debug|x64.Build.0 = Debug|x64
		{16277CDD-313B-4293-A0EF-BA0E5C27ED70}.Debug|x86.ActiveCfg = Debug|Win32
		{16277CDD-313B-4293-A0EF-BA0E5C27ED70}.Debug|x86.Build.0 = Debug|Win32
		{16277CDD-313B-4293-A0EF-BA0E5C27ED70}.Release|x64.ActiveCfg = Release|x64
		{16277CDD-313B-4293-A0EF-BA0E5C27ED70}.Release|x64.Build.0 = Release|x64
		{16277CDD-313B-4293-A0EF-BA0E5C27ED70}.Release|x86.ActiveCfg = Release|Win32
		{16277CDD-313B-4293-A0EF-BA0E5C27ED70}.Release|x86.Build.0 = Release|Win32
	EndGlobalSection
	GlobalSection(SolutionProperties) = preSolution
		HideSolutionNode = FALSE
	EndGlobalSection
	GlobalSection(ExtensibilityGlobals) = postSolution
		SolutionGuid = {9A208178-B55E-4078-99D8-90BC305FD615}
	EndGlobalSection
EndGlobal
